
Microsoft Visual Studio Solution File, Format Version 12.00
# Visual Studio Version 16
VisualStudioVersion = 16.0.30621.155
MinimumVisualStudioVersion = 10.0.40219.1
Project("{9A19103F-16F7-4668-BE54-9A1E7A4F7556}") = "JWTProject.Entities", "JWTProject.Entities\JWTProject.Entities.csproj", "{2D4735E9-F7ED-4D20-A7DC-9ECDFB51C0FA}"
EndProject
Project("{9A19103F-16F7-4668-BE54-9A1E7A4F7556}") = "JWTProject.DataAccess", "JWTProject.DataAccess\JWTProject.DataAccess.csproj", "{3950917B-0CBF-41E3-B1FF-D0DE558A1F32}"
EndProject
Project("{9A19103F-16F7-4668-BE54-9A1E7A4F7556}") = "JwtProject.Business", "JwtProject.Business\JwtProject.Business.csproj", "{4AD680AD-E54A-48EE-B77F-17592C6AB822}"
EndProject
Project("{FAE04EC0-301F-11D3-BF4B-00C04F79EFBC}") = "JWTProject.WebApi", "JWTProject.WebApi\JWTProject.WebApi.csproj", "{C4AC44C2-EF12-4CAC-A02A-EDAACF927AD3}"
EndProject
Global
	GlobalSection(SolutionConfigurationPlatforms) = preSolution
		Debug|Any CPU = Debug|Any CPU
		Release|Any CPU = Release|Any CPU
	EndGlobalSection
	GlobalSection(ProjectConfigurationPlatforms) = postSolution
		{2D4735E9-F7ED-4D20-A7DC-9ECDFB51C0FA}.Debug|Any CPU.ActiveCfg = Debug|Any CPU
		{2D4735E9-F7ED-4D20-A7DC-9ECDFB51C0FA}.Debug|Any CPU.Build.0 = Debug|Any CPU
		{2D4735E9-F7ED-4D20-A7DC-9ECDFB51C0FA}.Release|Any CPU.ActiveCfg = Release|Any CPU
		{2D4735E9-F7ED-4D20-A7DC-9ECDFB51C0FA}.Release|Any CPU.Build.0 = Release|Any CPU
		{3950917B-0CBF-41E3-B1FF-D0DE558A1F32}.Debug|Any CPU.ActiveCfg = Debug|Any CPU
		{3950917B-0CBF-41E3-B1FF-D0DE558A1F32}.Debug|Any CPU.Build.0 = Debug|Any CPU
		{3950917B-0CBF-41E3-B1FF-D0DE558A1F32}.Release|Any CPU.ActiveCfg = Release|Any CPU
		{3950917B-0CBF-41E3-B1FF-D0DE558A1F32}.Release|Any CPU.Build.0 = Release|Any CPU
		{4AD680AD-E54A-48EE-B77F-17592C6AB822}.Debug|Any CPU.ActiveCfg = Debug|Any CPU
		{4AD680AD-E54A-48EE-B77F-17592C6AB822}.Debug|Any CPU.Build.0 = Debug|Any CPU
		{4AD680AD-E54A-48EE-B77F-17592C6AB822}.Release|Any CPU.ActiveCfg = Release|Any CPU
		{4AD680AD-E54A-48EE-B77F-17592C6AB822}.Release|Any CPU.Build.0 = Release|Any CPU
		{C4AC44C2-EF12-4CAC-A02A-EDAACF927AD3}.Debug|Any CPU.ActiveCfg = Debug|Any CPU
		{C4AC44C2-EF12-4CAC-A02A-EDAACF927AD3}.Debug|Any CPU.Build.0 = Debug|Any CPU
		{C4AC44C2-EF12-4CAC-A02A-EDAACF927AD3}.Release|Any CPU.ActiveCfg = Release|Any CPU
		{C4AC44C2-EF12-4CAC-A02A-EDAACF927AD3}.Release|Any CPU.Build.0 = Release|Any CPU
	EndGlobalSection
	GlobalSection(SolutionProperties) = preSolution
		HideSolutionNode = FALSE
	EndGlobalSection
	GlobalSection(ExtensibilityGlobals) = postSolution
		SolutionGuid = {A7465C20-B025-4D5F-B9D8-E59E433AC28A}
	EndGlobalSection
EndGlobal
